
Microsoft Visual Studio Solution File, Format Version 12.00
# Visual Studio 15
VisualStudioVersion = 15.0.28010.2048
MinimumVisualStudioVersion = 10.0.40219.1
Project("{FAE04EC0-301F-11D3-BF4B-00C04F79EFBC}") = "Mohammed Jacksi", "Mohammed Jacksi\Mohammed Jacksi.csproj", "{177AD213-4032-407C-9C01-FF9B4E1CD912}"
EndProject
Global
	GlobalSection(SolutionConfigurationPlatforms) = preSolution
		Debug|Any CPU = Debug|Any CPU
		Release|Any CPU = Release|Any CPU
	EndGlobalSection
	GlobalSection(ProjectConfigurationPlatforms) = postSolution
		{177AD213-4032-407C-9C01-FF9B4E1CD912}.Debug|Any CPU.ActiveCfg = Debug|Any CPU
		{177AD213-4032-407C-9C01-FF9B4E1CD912}.Debug|Any CPU.Build.0 = Debug|Any CPU
		{177AD213-4032-407C-9C01-FF9B4E1CD912}.Release|Any CPU.ActiveCfg = Release|Any CPU
		{177AD213-4032-407C-9C01-FF9B4E1CD912}.Release|Any CPU.Build.0 = Release|Any CPU
	EndGlobalSection
	GlobalSection(SolutionProperties) = preSolution
		HideSolutionNode = FALSE
	EndGlobalSection
	GlobalSection(ExtensibilityGlobals) = postSolution
		SolutionGuid = {DA786EAB-8DB4-4D3C-81FE-25CD19877519}
	EndGlobalSection
EndGlobal
